
Microsoft Visual Studio Solution File, Format Version 12.00
# Visual Studio Version 17
VisualStudioVersion = 17.13.35931.197 d17.13
MinimumVisualStudioVersion = 10.0.40219.1
Project("{FAE04EC0-301F-11D3-BF4B-00C04F79EFBC}") = "ExploringActions", "ExploringActions\ExploringActions.csproj", "{6966C168-1D76-4EF4-8F2E-2CF0EB0DA0D4}"
EndProject
Project("{FAE04EC0-301F-11D3-BF4B-00C04F79EFBC}") = "TestExploringActions", "TestExploringActions\TestExploringActions.csproj", "{EB48F3B7-F7A0-4B7A-99CD-A8D514DF8490}"
EndProject
Global
	GlobalSection(SolutionConfigurationPlatforms) = preSolution
		Debug|Any CPU = Debug|Any CPU
		Release|Any CPU = Release|Any CPU
	EndGlobalSection
	GlobalSection(ProjectConfigurationPlatforms) = postSolution
		{6966C168-1D76-4EF4-8F2E-2CF0EB0DA0D4}.Debug|Any CPU.ActiveCfg = Debug|Any CPU
		{6966C168-1D76-4EF4-8F2E-2CF0EB0DA0D4}.Debug|Any CPU.Build.0 = Debug|Any CPU
		{6966C168-1D76-4EF4-8F2E-2CF0EB0DA0D4}.Release|Any CPU.ActiveCfg = Release|Any CPU
		{6966C168-1D76-4EF4-8F2E-2CF0EB0DA0D4}.Release|Any CPU.Build.0 = Release|Any CPU
		{EB48F3B7-F7A0-4B7A-99CD-A8D514DF8490}.Debug|Any CPU.ActiveCfg = Debug|Any CPU
		{EB48F3B7-F7A0-4B7A-99CD-A8D514DF8490}.Debug|Any CPU.Build.0 = Debug|Any CPU
		{EB48F3B7-F7A0-4B7A-99CD-A8D514DF8490}.Release|Any CPU.ActiveCfg = Release|Any CPU
		{EB48F3B7-F7A0-4B7A-99CD-A8D514DF8490}.Release|Any CPU.Build.0 = Release|Any CPU
	EndGlobalSection
	GlobalSection(SolutionProperties) = preSolution
		HideSolutionNode = FALSE
	EndGlobalSection
	GlobalSection(ExtensibilityGlobals) = postSolution
		SolutionGuid = {B8B6E92C-D69C-46F5-9762-A9A66D06C99B}
	EndGlobalSection
EndGlobal
